
Microsoft Visual Studio Solution File, Format Version 12.00
# Visual Studio Version 17
VisualStudioVersion = 17.5.33502.453
MinimumVisualStudioVersion = 10.0.40219.1
Project("{FAE04EC0-301F-11D3-BF4B-00C04F79EFBC}") = "24-03-2023_WPF_async", "24-03-2023_WPF_async.csproj", "{830F6550-2B10-4708-84CC-33E0FABC028B}"
EndProject
Global
	GlobalSection(SolutionConfigurationPlatforms) = preSolution
		Debug|Any CPU = Debug|Any CPU
		Release|Any CPU = Release|Any CPU
	EndGlobalSection
	GlobalSection(ProjectConfigurationPlatforms) = postSolution
		{830F6550-2B10-4708-84CC-33E0FABC028B}.Debug|Any CPU.ActiveCfg = Debug|Any CPU
		{830F6550-2B10-4708-84CC-33E0FABC028B}.Debug|Any CPU.Build.0 = Debug|Any CPU
		{830F6550-2B10-4708-84CC-33E0FABC028B}.Release|Any CPU.ActiveCfg = Release|Any CPU
		{830F6550-2B10-4708-84CC-33E0FABC028B}.Release|Any CPU.Build.0 = Release|Any CPU
	EndGlobalSection
	GlobalSection(SolutionProperties) = preSolution
		HideSolutionNode = FALSE
	EndGlobalSection
	GlobalSection(ExtensibilityGlobals) = postSolution
		SolutionGuid = {BC8ADCE9-FBE5-4223-B8B9-ADF31214B96E}
	EndGlobalSection
EndGlobal
